// !$*UTF8*$!
{
	archiveVersion = 1;
	classes = {
	};
	objectVersion = 46;
	objects = {

/* Begin PBXBuildFile section */
		0F7813291AAA3407000B8429 /* DeviceTools.m in Sources */ = {isa = PBXBuildFile; fileRef = 0F7813271AAA3407000B8429 /* DeviceTools.m */; };
/* End PBXBuildFile section */

/* Begin PBXCopyFilesBuildPhase section */
		0FA08A251AAA2A1B00C2610A /* CopyFiles */ = {
			isa = PBXCopyFilesBuildPhase;
			buildActionMask = 2147483647;
			dstPath = "include/$(PRODUCT_NAME)";
			dstSubfolderSpec = 16;
			files = (
			);
			runOnlyForDeploymentPostprocessing = 0;
		};
/* End PBXCopyFilesBuildPhase section */

/* Begin PBXFileReference section */
		0F7813271AAA3407000B8429 /* DeviceTools.m */ = {isa = PBXFileReference; fileEncoding = 4; lastKnownFileType = sourcecode.c.objc; path = DeviceTools.m; sourceTree = "<group>"; };
		0F7813281AAA3407000B8429 /* FlashRuntimeExtensions.h */ = {isa = PBXFileReference; fileEncoding = 4; lastKnownFileType = sourcecode.c.h; path = FlashRuntimeExtensions.h; sourceTree = "<group>"; };
		0FA08A271AAA2A1B00C2610A /* libDeviceTools.a */ = {isa = PBXFileReference; explicitFileType = archive.ar; includeInIndex = 0; path = libDeviceTools.a; sourceTree = BUILT_PRODUCTS_DIR; };
/* End PBXFileReference section */

/* Begin PBXFrameworksBuildPhase section */
		0FA08A241AAA2A1B00C2610A /* Frameworks */ = {
			isa = PBXFrameworksBuildPhase;
			buildActionMask = 2147483647;
			files = (
			);
			runOnlyForDeploymentPostprocessing = 0;
		};
/* End PBXFrameworksBuildPhase section */

/* Begin PBXGroup section */
		0FA08A1E1AAA2A1B00C2610A = {
			isa = PBXGroup;
			children = (
				0FA08A291AAA2A1B00C2610A /* DeviceTools */,
				0FA08A281AAA2A1B00C2610A /* Products */,
			);
			sourceTree = "<group>";
		};
		0FA08A281AAA2A1B00C2610A /* Products */ = {
			isa = PBXGroup;
			children = (
				0FA08A271AAA2A1B00C2610A /* libDeviceTools.a */,
			);
			name = Products;
			sourceTree = "<group>";
		};
		0FA08A291AAA2A1B00C2610A /* DeviceTools */ = {
			isa = PBXGroup;
			children = (
				0F7813271AAA3407000B8429 /* DeviceTools.m */,
				0F7813281AAA3407000B8429 /* FlashRuntimeExtensions.h */,
			);
			path = DeviceTools;
			sourceTree = "<group>";
		};
/* End PBXGroup section */

/* Begin PBXNativeTarget section */
		0FA08A261AAA2A1B00C2610A /* DeviceTools */ = {
			isa = PBXNativeTarget;
			buildConfigurationList = 0FA08A3B1AAA2A1B00C2610A /* Build configuration list for PBXNativeTarget "DeviceTools" */;
			buildPhases = (
				0FA08A231AAA2A1B00C2610A /* Sources */,
				0FA08A241AAA2A1B00C2610A /* Frameworks */,
				0FA08A251AAA2A1B00C2610A /* CopyFiles */,
			);
			buildRules = (
			);
			dependencies = (
			);
			name = DeviceTools;
			productName = DeviceTools;
			productReference = 0FA08A271AAA2A1B00C2610A /* libDeviceTools.a */;
			productType = "com.apple.product-type.library.static";
		};
/* End PBXNativeTarget section */

/* Begin PBXProject section */
		0FA08A1F1AAA2A1B00C2610A /* Project object */ = {
			isa = PBXProject;
			attributes = {
				LastUpgradeCheck = 0610;
				TargetAttributes = {
					0FA08A261AAA2A1B00C2610A = {
						CreatedOnToolsVersion = 6.1;
					};
				};
			};
			buildConfigurationList = 0FA08A221AAA2A1B00C2610A /* Build configuration list for PBXProject "DeviceTools" */;
			compatibilityVersion = "Xcode 3.2";
			developmentRegion = English;
			hasScannedForEncodings = 0;
			knownRegions = (
				en,
			);
			mainGroup = 0FA08A1E1AAA2A1B00C2610A;
			productRefGroup = 0FA08A281AAA2A1B00C2610A /* Products */;
			projectDirPath = "";
			projectRoot = "";
			targets = (
				0FA08A261AAA2A1B00C2610A /* DeviceTools */,
			);
		};
/* End PBXProject section */

/* Begin PBXSourcesBuildPhase section */
		0FA08A231AAA2A1B00C2610A /* Sources */ = {
			isa = PBXSourcesBuildPhase;
			buildActionMask = 2147483647;
			files = (
				0F7813291AAA3407000B8429 /* DeviceTools.m in Sources */,
			);
			runOnlyForDeploymentPostprocessing = 0;
		};
/* End PBXSourcesBuildPhase section */

/* Begin XCBuildConfiguration section */
		0FA08A391AAA2A1B00C2610A /* Debug */ = {
			isa = XCBuildConfiguration;
			buildSettings = {
				ALWAYS_SEARCH_USER_PATHS = NO;
				CLANG_CXX_LANGUAGE_STANDARD = "gnu++0x";
				CLANG_CXX_LIBRARY = "libc++";
				CLANG_ENABLE_MODULES = YES;
				CLANG_ENABLE_OBJC_ARC = YES;
				CLANG_WARN_BOOL_CONVERSION = YES;
				CLANG_WARN_CONSTANT_CONVERSION = YES;
				CLANG_WARN_DIRECT_OBJC_ISA_USAGE = YES_ERROR;
				CLANG_WARN_EMPTY_BODY = YES;
				CLANG_WARN_ENUM_CONVERSION = YES;
				CLANG_WARN_INT_CONVERSION = YES;
				CLANG_WARN_OBJC_ROOT_CLASS = YES_ERROR;
				CLANG_WARN_UNREACHABLE_CODE = YES;
				CLANG_WARN__DUPLICATE_METHOD_MATCH = YES;
				COPY_PHASE_STRIP = NO;
				DEPLOYMENT_LOCATION = NO;
				ENABLE_STRICT_OBJC_MSGSEND = YES;
				GCC_C_LANGUAGE_STANDARD = gnu99;
				GCC_DYNAMIC_NO_PIC = NO;
				GCC_OPTIMIZATION_LEVEL = 0;
				GCC_PREPROCESSOR_DEFINITIONS = (
					"DEBUG=1",
					"$(inherited)",
				);
				GCC_SYMBOLS_PRIVATE_EXTERN = NO;
				GCC_WARN_64_TO_32_BIT_CONVERSION = YES;
				GCC_WARN_ABOUT_RETURN_TYPE = YES_ERROR;
				GCC_WARN_UNDECLARED_SELECTOR = YES;
				GCC_WARN_UNINITIALIZED_AUTOS = YES_AGGRESSIVE;
				GCC_WARN_UNUSED_FUNCTION = YES;
				GCC_WARN_UNUSED_VARIABLE = YES;
				IPHONEOS_DEPLOYMENT_TARGET = 6.1;
				MTL_ENABLE_DEBUG_INFO = YES;
				ONLY_ACTIVE_ARCH = YES;
				SDKROOT = iphoneos;
			};
			name = Debug;
		};
		0FA08A3A1AAA2A1B00C2610A /* Release */ = {
			isa = XCBuildConfiguration;
			buildSettings = {
				ALWAYS_SEARCH_USER_PATHS = NO;
				CLANG_CXX_LANGUAGE_STANDARD = "gnu++0x";
				CLANG_CXX_LIBRARY = "libc++";
				CLANG_ENABLE_MODULES = YES;
				CLANG_ENABLE_OBJC_ARC = YES;
				CLANG_WARN_BOOL_CONVERSION = YES;
				CLANG_WARN_CONSTANT_CONVERSION = YES;
				CLANG_WARN_DIRECT_OBJC_ISA_USAGE = YES_ERROR;
				CLANG_WARN_EMPTY_BODY = YES;
				CLANG_WARN_ENUM_CONVERSION = YES;
				CLANG_WARN_INT_CONVERSION = YES;
				CLANG_WARN_OBJC_ROOT_CLASS = YES_ERROR;
				CLANG_WARN_UNREACHABLE_CODE = YES;
				CLANG_WARN__DUPLICATE_METHOD_MATCH = YES;
				COPY_PHASE_STRIP = YES;
				DEPLOYMENT_LOCATION = NO;
				ENABLE_NS_ASSERTIONS = NO;
				ENABLE_STRICT_OBJC_MSGSEND = YES;
				GCC_C_LANGUAGE_STANDARD = gnu99;
				GCC_WARN_64_TO_32_BIT_CONVERSION = YES;
				GCC_WARN_ABOUT_RETURN_TYPE = YES_ERROR;
				GCC_WARN_UNDECLARED_SELECTOR = YES;
				GCC_WARN_UNINITIALIZED_AUTOS = YES_AGGRESSIVE;
				GCC_WARN_UNUSED_FUNCTION = YES;
				GCC_WARN_UNUSED_VARIABLE = YES;
				IPHONEOS_DEPLOYMENT_TARGET = 6.1;
				MTL_ENABLE_DEBUG_INFO = NO;
				SDKROOT = iphoneos;
				VALIDATE_PRODUCT = YES;
			};
			name = Release;
		};
		0FA08A3C1AAA2A1B00C2610A /* Debug */ = {
			isa = XCBuildConfiguration;
			buildSettings = {
				ARCHS = "$(ARCHS_STANDARD)";
				ONLY_ACTIVE_ARCH = NO;
				OTHER_LDFLAGS = "-ObjC";
				PRODUCT_NAME = "$(TARGET_NAME)";
				SDKROOT = iphoneos7.1;
				SKIP_INSTALL = YES;
				VALID_ARCHS = "armv7 armv7s armv6 arm64";
			};
			name = Debug;
		};
		0FA08A3D1AAA2A1B00C2610A /* Release */ = {
			isa = XCBuildConfiguration;
			buildSettings = {
				ARCHS = "$(ARCHS_STANDARD)";
				ONLY_ACTIVE_ARCH = NO;
				OTHER_LDFLAGS = "-ObjC";
				PRODUCT_NAME = "$(TARGET_NAME)";
				SDKROOT = iphoneos7.1;
				SKIP_INSTALL = YES;
				VALID_ARCHS = "armv7 armv7s armv6 arm64";
			};
			name = Release;
		};
/* End XCBuildConfiguration section */

/* Begin XCConfigurationList section */
		0FA08A221AAA2A1B00C2610A /* Build configuration list for PBXProject "DeviceTools" */ = {
			isa = XCConfigurationList;
			buildConfigurations = (
				0FA08A391AAA2A1B00C2610A /* Debug */,
				0FA08A3A1AAA2A1B00C2610A /* Release */,
			);
			defaultConfigurationIsVisible = 0;
			defaultConfigurationName = Release;
		};
		0FA08A3B1AAA2A1B00C2610A /* Build configuration list for PBXNativeTarget "DeviceTools" */ = {
			isa = XCConfigurationList;
			buildConfigurations = (
				0FA08A3C1AAA2A1B00C2610A /* Debug */,
				0FA08A3D1AAA2A1B00C2610A /* Release */,
			);
			defaultConfigurationIsVisible = 0;
			defaultConfigurationName = Release;
		};
/* End XCConfigurationList section */
	};
	rootObject = 0FA08A1F1AAA2A1B00C2610A /* Project object */;
}
